
Microsoft Visual Studio Solution File, Format Version 12.00
Project("{FAE04EC0-301F-11D3-BF4B-00C04F79EFBC}") = "HoperfullyFinalTake", "HoperfullyFinalTake.csproj", "{4f2156ff-f6a7-4c7c-a1b4-6c71ee0c6d21}"
EndProject
Global
	GlobalSection(SolutionConfigurationPlatforms) = preSolution
		Debug|x64 = Debug|x64
	EndGlobalSection
	GlobalSection(ProjectConfigurationPlatforms) = postSolution
		{4f2156ff-f6a7-4c7c-a1b4-6c71ee0c6d21}.Debug|x64.ActiveCfg = Debug|x64
		{4f2156ff-f6a7-4c7c-a1b4-6c71ee0c6d21}.Debug|x64.Build.0 = Debug|x64
	EndGlobalSection
	GlobalSection(SolutionProperties) = preSolution
    	HideSolutionNode = FALSE
    EndGlobalSection
EndGlobal
